
Microsoft Visual Studio Solution File, Format Version 12.00
# Visual Studio 14
VisualStudioVersion = 14.0.25123.0
MinimumVisualStudioVersion = 10.0.40219.1
Project("{FAE04EC0-301F-11D3-BF4B-00C04F79EFBC}") = "IdentityTokenCache", "IdentityTokenCache\IdentityTokenCache.csproj", "{146B1103-26CC-410C-807F-CFA4F8245540}"
EndProject
Project("{2150E333-8FDC-42A3-9474-1A3956D46DE8}") = "Package", "Package", "{C50CC2A8-2283-4899-8FEF-E155E313CC9B}"
	ProjectSection(SolutionItems) = preProject
		CL.Identity.Tokens.Cache.1.0.0.1.nupkg = CL.Identity.Tokens.Cache.1.0.0.1.nupkg
	EndProjectSection
EndProject
Global
	GlobalSection(SolutionConfigurationPlatforms) = preSolution
		Debug|Any CPU = Debug|Any CPU
		Release|Any CPU = Release|Any CPU
	EndGlobalSection
	GlobalSection(ProjectConfigurationPlatforms) = postSolution
		{146B1103-26CC-410C-807F-CFA4F8245540}.Debug|Any CPU.ActiveCfg = Debug|Any CPU
		{146B1103-26CC-410C-807F-CFA4F8245540}.Debug|Any CPU.Build.0 = Debug|Any CPU
		{146B1103-26CC-410C-807F-CFA4F8245540}.Release|Any CPU.ActiveCfg = Release|Any CPU
		{146B1103-26CC-410C-807F-CFA4F8245540}.Release|Any CPU.Build.0 = Release|Any CPU
	EndGlobalSection
	GlobalSection(SolutionProperties) = preSolution
		HideSolutionNode = FALSE
	EndGlobalSection
EndGlobal
